
Microsoft Visual Studio Solution File, Format Version 12.00
# Visual Studio Version 17
VisualStudioVersion = 17.9.34701.34
MinimumVisualStudioVersion = 10.0.40219.1
Project("{FAE04EC0-301F-11D3-BF4B-00C04F79EFBC}") = "class5aprel(1)", "class5aprel(1)\class5aprel(1).csproj", "{1D0A20BF-FFC4-4FE7-A1BC-AA2D359379B4}"
EndProject
Global
	GlobalSection(SolutionConfigurationPlatforms) = preSolution
		Debug|Any CPU = Debug|Any CPU
		Release|Any CPU = Release|Any CPU
	EndGlobalSection
	GlobalSection(ProjectConfigurationPlatforms) = postSolution
		{1D0A20BF-FFC4-4FE7-A1BC-AA2D359379B4}.Debug|Any CPU.ActiveCfg = Debug|Any CPU
		{1D0A20BF-FFC4-4FE7-A1BC-AA2D359379B4}.Debug|Any CPU.Build.0 = Debug|Any CPU
		{1D0A20BF-FFC4-4FE7-A1BC-AA2D359379B4}.Release|Any CPU.ActiveCfg = Release|Any CPU
		{1D0A20BF-FFC4-4FE7-A1BC-AA2D359379B4}.Release|Any CPU.Build.0 = Release|Any CPU
	EndGlobalSection
	GlobalSection(SolutionProperties) = preSolution
		HideSolutionNode = FALSE
	EndGlobalSection
	GlobalSection(ExtensibilityGlobals) = postSolution
		SolutionGuid = {4FF0FA46-9EED-447E-BF19-EDFE1763E47C}
	EndGlobalSection
EndGlobal
